
Microsoft Visual Studio Solution File, Format Version 12.00
# Visual Studio Version 17
VisualStudioVersion = 17.4.33110.190
MinimumVisualStudioVersion = 10.0.40219.1
Project("{FAE04EC0-301F-11D3-BF4B-00C04F79EFBC}") = "OctreeReduction", "OctreeReduction\OctreeReduction.csproj", "{92EE491E-62B5-41B8-8F45-ACE108BCA7AF}"
EndProject
Global
	GlobalSection(SolutionConfigurationPlatforms) = preSolution
		Debug|Any CPU = Debug|Any CPU
		Release|Any CPU = Release|Any CPU
	EndGlobalSection
	GlobalSection(ProjectConfigurationPlatforms) = postSolution
		{92EE491E-62B5-41B8-8F45-ACE108BCA7AF}.Debug|Any CPU.ActiveCfg = Debug|Any CPU
		{92EE491E-62B5-41B8-8F45-ACE108BCA7AF}.Debug|Any CPU.Build.0 = Debug|Any CPU
		{92EE491E-62B5-41B8-8F45-ACE108BCA7AF}.Release|Any CPU.ActiveCfg = Release|Any CPU
		{92EE491E-62B5-41B8-8F45-ACE108BCA7AF}.Release|Any CPU.Build.0 = Release|Any CPU
	EndGlobalSection
	GlobalSection(SolutionProperties) = preSolution
		HideSolutionNode = FALSE
	EndGlobalSection
	GlobalSection(ExtensibilityGlobals) = postSolution
		SolutionGuid = {3659E1C3-6A53-4E1B-81F1-D121E3977C95}
	EndGlobalSection
EndGlobal
